
Microsoft Visual Studio Solution File, Format Version 12.00
# Visual Studio Version 17
VisualStudioVersion = 17.10.35013.160
MinimumVisualStudioVersion = 10.0.40219.1
Project("{FAE04EC0-301F-11D3-BF4B-00C04F79EFBC}") = "GMS.API", "GMS.API\GMS.API.csproj", "{66E161F8-2A64-44FA-B0C0-3C607D749D82}"
EndProject
Project("{FAE04EC0-301F-11D3-BF4B-00C04F79EFBC}") = "GMS.Service", "GMS.Service\GMS.Service.csproj", "{87BA0EF2-4BA8-4EAE-A15F-001C4A37D525}"
EndProject
Project("{FAE04EC0-301F-11D3-BF4B-00C04F79EFBC}") = "GMS.Data", "GMS.Data\GMS.Data.csproj", "{F986FD03-1658-4EA5-9B64-64EE39BA7203}"
EndProject
Project("{FAE04EC0-301F-11D3-BF4B-00C04F79EFBC}") = "GMS.DAL", "GMS.DAL\GMS.DAL.csproj", "{6F543A0E-40B3-4979-8CB3-5FA318707DA7}"
EndProject
Project("{FAE04EC0-301F-11D3-BF4B-00C04F79EFBC}") = "GMS.Models", "GMS.Models\GMS.Models.csproj", "{AB269354-0C83-4B28-A771-7331F13A17B5}"
EndProject
Global
	GlobalSection(SolutionConfigurationPlatforms) = preSolution
		Debug|Any CPU = Debug|Any CPU
		Release|Any CPU = Release|Any CPU
	EndGlobalSection
	GlobalSection(ProjectConfigurationPlatforms) = postSolution
		{66E161F8-2A64-44FA-B0C0-3C607D749D82}.Debug|Any CPU.ActiveCfg = Debug|Any CPU
		{66E161F8-2A64-44FA-B0C0-3C607D749D82}.Debug|Any CPU.Build.0 = Debug|Any CPU
		{66E161F8-2A64-44FA-B0C0-3C607D749D82}.Release|Any CPU.ActiveCfg = Release|Any CPU
		{66E161F8-2A64-44FA-B0C0-3C607D749D82}.Release|Any CPU.Build.0 = Release|Any CPU
		{87BA0EF2-4BA8-4EAE-A15F-001C4A37D525}.Debug|Any CPU.ActiveCfg = Debug|Any CPU
		{87BA0EF2-4BA8-4EAE-A15F-001C4A37D525}.Debug|Any CPU.Build.0 = Debug|Any CPU
		{87BA0EF2-4BA8-4EAE-A15F-001C4A37D525}.Release|Any CPU.ActiveCfg = Release|Any CPU
		{87BA0EF2-4BA8-4EAE-A15F-001C4A37D525}.Release|Any CPU.Build.0 = Release|Any CPU
		{F986FD03-1658-4EA5-9B64-64EE39BA7203}.Debug|Any CPU.ActiveCfg = Debug|Any CPU
		{F986FD03-1658-4EA5-9B64-64EE39BA7203}.Debug|Any CPU.Build.0 = Debug|Any CPU
		{F986FD03-1658-4EA5-9B64-64EE39BA7203}.Release|Any CPU.ActiveCfg = Release|Any CPU
		{F986FD03-1658-4EA5-9B64-64EE39BA7203}.Release|Any CPU.Build.0 = Release|Any CPU
		{6F543A0E-40B3-4979-8CB3-5FA318707DA7}.Debug|Any CPU.ActiveCfg = Debug|Any CPU
		{6F543A0E-40B3-4979-8CB3-5FA318707DA7}.Debug|Any CPU.Build.0 = Debug|Any CPU
		{6F543A0E-40B3-4979-8CB3-5FA318707DA7}.Release|Any CPU.ActiveCfg = Release|Any CPU
		{6F543A0E-40B3-4979-8CB3-5FA318707DA7}.Release|Any CPU.Build.0 = Release|Any CPU
		{AB269354-0C83-4B28-A771-7331F13A17B5}.Debug|Any CPU.ActiveCfg = Debug|Any CPU
		{AB269354-0C83-4B28-A771-7331F13A17B5}.Debug|Any CPU.Build.0 = Debug|Any CPU
		{AB269354-0C83-4B28-A771-7331F13A17B5}.Release|Any CPU.ActiveCfg = Release|Any CPU
		{AB269354-0C83-4B28-A771-7331F13A17B5}.Release|Any CPU.Build.0 = Release|Any CPU
	EndGlobalSection
	GlobalSection(SolutionProperties) = preSolution
		HideSolutionNode = FALSE
	EndGlobalSection
	GlobalSection(ExtensibilityGlobals) = postSolution
		SolutionGuid = {F4C42BC0-9C34-4E78-B480-18A994237C3C}
	EndGlobalSection
EndGlobal
